{
  "version": 4,
  "terraform_version": "1.14.6",
  "serial": 10,
  "lineage": "60b8cea4-d9b0-835b-7564-77184f9ebbbb",
  "outputs": {
    "bigquery_dataset": {
      "value": "singular-arbor-401018.faq_bot",
      "type": "string"
    },
    "bigquery_table": {
      "value": "singular-arbor-401018.faq_bot.faq_embeddings",
      "type": "string"
    },
    "service_account_email": {
      "value": "faq-bot-sa@singular-arbor-401018.iam.gserviceaccount.com",
      "type": "string"
    },
    "service_account_key_base64": {
      "value": "ewogICJ0eXBlIjogInNlcnZpY2VfYWNjb3VudCIsCiAgInByb2plY3RfaWQiOiAic2luZ3VsYXItYXJib3ItNDAxMDE4IiwKICAicHJpdmF0ZV9rZXlfaWQiOiAiNDljMDBlNmZkZmMxN2JlZDBhMmRhNzNmZjYwMmVjZjUzYmMwMjZjZSIsCiAgInByaXZhdGVfa2V5IjogIi0tLS0tQkVHSU4gUFJJVkFURSBLRVktLS0tLVxuTUlJRXZRSUJBREFOQmdrcWhraUc5dzBCQVFFRkFBU0NCS2N3Z2dTakFnRUFBb0lCQVFEU1hnMzhibjg3ZTU4cFxuYW9zVyt2bFNFcTRiVHl2dWcrQ3dvbkJ0R3MwK2NxUDE4UXdNUEV6ellIYlIwTFd4SGJuNjAvak1rNW5oZFFTTlxuTU83QXdTTzN0bUtXSlNnV0lob2VMSngwNnNpdmlGRlB2MUVZNXdmUWhDQ0ZXOEs5a1JhM25UM1ZES0JBWHpQUFxuZkx1Q1Q0L3dyR1R0bnJ2dGIzN0F5MDJtekJmY3ltd1E3c3QxR2NWbHZ5U1JZNlZhM0U4QlNJMUl5T29welpWVFxubUpXdmVIMzU0MS9Wd3FIcUhvY0JNV0ZoNk5DbjJ1NkNSa0NHZHI5WW40WDMwTEFkQWpoQVM1Z1UwYkZ2RUhUVVxuc1pOZHQwOTF0QkZ2S2dERWFKSktzbk5XZklmS01YSDBhdFpRVWRxSnVUVzFLMnJab21Eak5jMnBldXYwQk9zeVxubVNIaUhsbDdBZ01CQUFFQ2dnRUFJL1JCVGJDUS9GaWZsbE9JWERBZTVxRWNzcnd3VlA2aksyMUg2ODNWNEdOMVxubEhaVFNkQVFrdFFjMnJWaUtGaGRUZnBtbm9obmwzb0pnaHduNGpmZ1kraS9Kc3hJOHFkM2NVck1uc3IxNjlKUFxubTJLbWVLd2IwTTZVUkZhdmpQaThPanVjc3NvS3BaWGY1QWw4ZnNRY1pOVUNGdjYzUGRoOWdIUCszSkFyVCtmVlxuZUM1N2U5MitHQzlQa0IyNGdsczZRSGJORFNPN3BsVy84OFBxWlM2ZjZHNGdtdUNZMkVoZHBDbVNWdyt2QUtUc1xuckpVNXR2VEdDVDFLV0NFaUxyL2FOeU9id2crbWdmeURJZXhFcTBReUVvMnRNWG1JWElWcmYvWmtQSWc2THFFYlxuOGNqNXVDbGpmTnZxSTBhY1c2ZWppeHVpb2VBMm94WlFHeGZ2ZzBzak1RS0JnUUR4R2c2SXVjcUx0M1NreUc2L1xuSWxOdDNOdWJpWFFmSStYamdscktwcHdyREpvYzR1eEZmWEJjT0Z3QU5Yb1doRmJHNitoSGVJaTQ5OGZtbi93Q1xub2FIbjlYeEo0d2tPSytYRnlNSjFiMmhlZGo1V1hnMHh1b3dudlRhdWlNSzVweVFSYjhCbVNzY2tya1poRkE0M1xuRFp3Wk1aTzcwMUJQUXZvZEVCU0xTTjBxV1FLQmdRRGZYZEVHSW9TWHh1V056dXBUY1pCdU85K3FSK1U0SWJ2Q1xuc2d3VVg5akJxSnNVL0tNM3VOUW5iNExLNk45UFZGQkVLdUcvbzJRWU5Ia2FibHJnTFY3M1MyNVBqT3VwWDN2V1xuNnpnZ0hONEhpZXY5SXpKNnFBQWRpNHNUdnpQRVBuTG92Szk2SHRjSUZZOVV1bFE1RWdlZnZNNGVEV2tubnZFdVxuSTh2L0lmVi84d0tCZ0dveHNla2kvRVdoM215ZUk3bG9JeHNteGt1eHRVWHFCOTIza3NuanJMR0JjWGY3czFuQVxuTUhkT0U2ZTc1alI0d2NnSUxGMGVpQW9BaVRuWmlhU1hFTHNjYzB3UUJmTUovc0NvOW8zSExrODlBYVFFOVFiTVxuUmVOVEFmektIQXF0eGNNd1Y2dzJqNVJtZG5WWDRoTDVtYUczSm56NlRFczlFdkV1SGY1amI1YXhBb0dBRFNWSFxuVlBZWkdabWlEdXQ3alBlbENXZktyUW5ZS3FxSmsxYkpNVFhHMnZiaVVhVGdzam5WZXBDc2dPYWRwZHlQY01PWlxuVDU3OUdCT1dnUUMzcG5QbEgrYTNra1QzNVpyeC9kOFFDWXZKWVdZemxrMUkva0QrNkw0NnJDblhrUmdmeVNTNVxucXhVL2tJRThVejg0RDdmSTdSUytpTFEvV1E2WW9SK0lOUGE1clJNQ2dZRUExV1RxWWNSMGxIcWozQXl6bXJjR1xuUkgzeU1uM05PSXZ1Z285K09WcmtVVE5LbU1JWGtVbzA1bzdTdWc3MlZJQmR6ZE0vS1hJaElaVmFROUt3YUxtNVxuaVJIMlpDTFI1bDRRMWc4d0hYQmhGQzJDOTJuT0xEZVhZNTZOQ3gzQldsZCtjYjlZOVFFVTBhWEdEcDN0RUI4NFxuMUJjbFpEUGxSdVJsWWhFMFhNR2diaDQ9XG4tLS0tLUVORCBQUklWQVRFIEtFWS0tLS0tXG4iLAogICJjbGllbnRfZW1haWwiOiAiZmFxLWJvdC1zYUBzaW5ndWxhci1hcmJvci00MDEwMTguaWFtLmdzZXJ2aWNlYWNjb3VudC5jb20iLAogICJjbGllbnRfaWQiOiAiMTA3ODAwNjExNjgxNTAyMjYzODE2IiwKICAiYXV0aF91cmkiOiAiaHR0cHM6Ly9hY2NvdW50cy5nb29nbGUuY29tL28vb2F1dGgyL2F1dGgiLAogICJ0b2tlbl91cmkiOiAiaHR0cHM6Ly9vYXV0aDIuZ29vZ2xlYXBpcy5jb20vdG9rZW4iLAogICJhdXRoX3Byb3ZpZGVyX3g1MDlfY2VydF91cmwiOiAiaHR0cHM6Ly93d3cuZ29vZ2xlYXBpcy5jb20vb2F1dGgyL3YxL2NlcnRzIiwKICAiY2xpZW50X3g1MDlfY2VydF91cmwiOiAiaHR0cHM6Ly93d3cuZ29vZ2xlYXBpcy5jb20vcm9ib3QvdjEvbWV0YWRhdGEveDUwOS9mYXEtYm90LXNhJTQwc2luZ3VsYXItYXJib3ItNDAxMDE4LmlhbS5nc2VydmljZWFjY291bnQuY29tIiwKICAidW5pdmVyc2VfZG9tYWluIjogImdvb2dsZWFwaXMuY29tIgp9Cg==",
      "type": "string",
      "sensitive": true
    },
    "ssh_command": {
      "value": "gcloud compute ssh whatsapp-faq-bot --zone=us-central1-a --tunnel-through-iap",
      "type": "string"
    },
    "vm_name": {
      "value": "whatsapp-faq-bot",
      "type": "string"
    }
  },
  "resources": [
    {
      "mode": "managed",
      "type": "google_bigquery_dataset",
      "name": "faq_bot",
      "provider": "provider[\"registry.terraform.io/hashicorp/google\"]",
      "instances": [
        {
          "schema_version": 0,
          "attributes": {
            "access": [
              {
                "condition": [],
                "dataset": [],
                "domain": "",
                "group_by_email": "",
                "iam_member": "",
                "role": "OWNER",
                "routine": [],
                "special_group": "",
                "user_by_email": "lauosgom@gmail.com",
                "view": []
              },
              {
                "condition": [],
                "dataset": [],
                "domain": "",
                "group_by_email": "",
                "iam_member": "",
                "role": "OWNER",
                "routine": [],
                "special_group": "projectOwners",
                "user_by_email": "",
                "view": []
              },
              {
                "condition": [],
                "dataset": [],
                "domain": "",
                "group_by_email": "",
                "iam_member": "",
                "role": "READER",
                "routine": [],
                "special_group": "projectReaders",
                "user_by_email": "",
                "view": []
              },
              {
                "condition": [],
                "dataset": [],
                "domain": "",
                "group_by_email": "",
                "iam_member": "",
                "role": "WRITER",
                "routine": [],
                "special_group": "projectWriters",
                "user_by_email": "",
                "view": []
              }
            ],
            "creation_time": 1785181870648,
            "dataset_id": "faq_bot",
            "default_collation": "",
            "default_encryption_configuration": [],
            "default_partition_expiration_ms": 0,
            "default_table_expiration_ms": 0,
            "delete_contents_on_destroy": false,
            "deletion_policy": "DELETE",
            "description": "FAQ embeddings for the WhatsApp RAG bot",
            "effective_labels": {
              "goog-terraform-provisioned": "true"
            },
            "etag": "2dYXSsI6m+Ntqh8vL2edjw==",
            "external_catalog_dataset_options": [],
            "external_dataset_reference": [],
            "friendly_name": "",
            "id": "projects/singular-arbor-401018/datasets/faq_bot",
            "is_case_insensitive": false,
            "labels": null,
            "last_modified_time": 1785181870648,
            "location": "US",
            "max_time_travel_hours": "168",
            "project": "singular-arbor-401018",
            "resource_tags": null,
            "self_link": "https://bigquery.googleapis.com/bigquery/v2/projects/singular-arbor-401018/datasets/faq_bot",
            "storage_billing_model": "",
            "terraform_labels": {
              "goog-terraform-provisioned": "true"
            },
            "timeouts": null
          },
          "sensitive_attributes": [],
          "identity_schema_version": 1,
          "identity": {
            "dataset_id": "faq_bot",
            "project": "singular-arbor-401018"
          },
          "private": "eyJlMmJmYjczMC1lY2FhLTExZTYtOGY4OC0zNDM2M2JjN2M0YzAiOnsiY3JlYXRlIjoxMjAwMDAwMDAwMDAwLCJkZWxldGUiOjEyMDAwMDAwMDAwMDAsInVwZGF0ZSI6MTIwMDAwMDAwMDAwMH19"
        }
      ]
    },
    {
      "mode": "managed",
      "type": "google_bigquery_dataset_iam_member",
      "name": "faq_bot_data_editor",
      "provider": "provider[\"registry.terraform.io/hashicorp/google\"]",
      "instances": [
        {
          "schema_version": 0,
          "attributes": {
            "condition": [],
            "dataset_id": "faq_bot",
            "etag": "",
            "id": "projects/singular-arbor-401018/datasets/faq_bot/roles/bigquery.dataEditor/serviceAccount:faq-bot-sa@singular-arbor-401018.iam.gserviceaccount.com",
            "member": "serviceAccount:faq-bot-sa@singular-arbor-401018.iam.gserviceaccount.com",
            "project": "singular-arbor-401018",
            "role": "roles/bigquery.dataEditor"
          },
          "sensitive_attributes": [],
          "identity_schema_version": 0,
          "private": "bnVsbA==",
          "dependencies": [
            "google_bigquery_dataset.faq_bot",
            "google_service_account.faq_bot"
          ]
        }
      ]
    },
    {
      "mode": "managed",
      "type": "google_bigquery_table",
      "name": "faq_embeddings",
      "provider": "provider[\"registry.terraform.io/hashicorp/google\"]",
      "instances": [
        {
          "schema_version": 0,
          "attributes": {
            "biglake_configuration": [],
            "clustering": null,
            "creation_time": 1785181871198,
            "dataset_id": "faq_bot",
            "deletion_policy": "DELETE",
            "deletion_protection": true,
            "description": "",
            "effective_labels": {
              "goog-terraform-provisioned": "true"
            },
            "encryption_configuration": [],
            "etag": "erwK8gClOW9719xU2lDAMw==",
            "expiration_time": 0,
            "external_catalog_table_options": [],
            "external_data_configuration": [],
            "friendly_name": "",
            "generated_schema_columns": "",
            "id": "projects/singular-arbor-401018/datasets/faq_bot/tables/faq_embeddings",
            "ignore_auto_generated_schema": false,
            "ignore_schema_changes": null,
            "labels": null,
            "last_modified_time": 1785181871359,
            "location": "US",
            "materialized_view": [],
            "max_staleness": "",
            "num_bytes": 0,
            "num_long_term_bytes": 0,
            "num_rows": 0,
            "project": "singular-arbor-401018",
            "range_partitioning": [],
            "require_partition_filter": false,
            "resource_tags": null,
            "schema": "[{\"mode\":\"REQUIRED\",\"name\":\"id\",\"type\":\"STRING\"},{\"mode\":\"REQUIRED\",\"name\":\"question\",\"type\":\"STRING\"},{\"mode\":\"REQUIRED\",\"name\":\"answer\",\"type\":\"STRING\"},{\"mode\":\"REPEATED\",\"name\":\"embedding\",\"type\":\"FLOAT\"}]",
            "schema_foreign_type_info": [],
            "self_link": "https://bigquery.googleapis.com/bigquery/v2/projects/singular-arbor-401018/datasets/faq_bot/tables/faq_embeddings",
            "table_constraints": [],
            "table_id": "faq_embeddings",
            "table_metadata_view": null,
            "table_replication_info": [],
            "terraform_labels": {
              "goog-terraform-provisioned": "true"
            },
            "time_partitioning": [],
            "type": "TABLE",
            "view": []
          },
          "sensitive_attributes": [],
          "identity_schema_version": 0,
          "private": "bnVsbA==",
          "dependencies": [
            "google_bigquery_dataset.faq_bot"
          ]
        }
      ]
    },
    {
      "mode": "managed",
      "type": "google_compute_disk",
      "name": "bot_data",
      "provider": "provider[\"registry.terraform.io/hashicorp/google\"]",
      "instances": [
        {
          "schema_version": 0,
          "attributes": {
            "access_mode": "",
            "architecture": null,
            "async_primary_disk": [],
            "create_snapshot_before_destroy": false,
            "create_snapshot_before_destroy_prefix": null,
            "creation_timestamp": "2026-07-27T12:51:11.293-07:00",
            "deletion_policy": "DELETE",
            "description": "",
            "disk_encryption_key": [],
            "disk_id": "6525527017675950145",
            "effective_labels": {
              "goog-terraform-provisioned": "true"
            },
            "enable_confidential_compute": false,
            "guest_os_features": [],
            "id": "projects/singular-arbor-401018/zones/us-central1-a/disks/whatsapp-faq-bot-data",
            "image": "",
            "label_fingerprint": "vezUS-42LLM=",
            "labels": null,
            "last_attach_timestamp": "",
            "last_detach_timestamp": "",
            "licenses": [],
            "name": "whatsapp-faq-bot-data",
            "params": [],
            "physical_block_size_bytes": 4096,
            "project": "singular-arbor-401018",
            "provisioned_iops": 0,
            "provisioned_throughput": 0,
            "self_link": "https://www.googleapis.com/compute/v1/projects/singular-arbor-401018/zones/us-central1-a/disks/whatsapp-faq-bot-data",
            "size": 10,
            "snapshot": "",
            "source_disk": "",
            "source_disk_id": "",
            "source_image_encryption_key": [],
            "source_image_id": "",
            "source_instant_snapshot": "",
            "source_instant_snapshot_id": "",
            "source_snapshot_encryption_key": [],
            "source_snapshot_id": "",
            "source_storage_object": null,
            "storage_pool": "",
            "terraform_labels": {
              "goog-terraform-provisioned": "true"
            },
            "timeouts": null,
            "type": "pd-standard",
            "users": [],
            "zone": "us-central1-a"
          },
          "sensitive_attributes": [],
          "identity_schema_version": 1,
          "identity": {
            "name": "whatsapp-faq-bot-data",
            "project": "singular-arbor-401018",
            "zone": "us-central1-a"
          },
          "private": "eyJlMmJmYjczMC1lY2FhLTExZTYtOGY4OC0zNDM2M2JjN2M0YzAiOnsiY3JlYXRlIjoxMjAwMDAwMDAwMDAwLCJkZWxldGUiOjEyMDAwMDAwMDAwMDAsInVwZGF0ZSI6MTIwMDAwMDAwMDAwMH19"
        }
      ]
    },
    {
      "mode": "managed",
      "type": "google_compute_firewall",
      "name": "allow_iap_ssh",
      "provider": "provider[\"registry.terraform.io/hashicorp/google\"]",
      "instances": [
        {
          "schema_version": 1,
          "attributes": {
            "allow": [
              {
                "ports": [
                  "22"
                ],
                "protocol": "tcp"
              }
            ],
            "creation_timestamp": "2026-07-27T12:51:10.683-07:00",
            "deletion_policy": "DELETE",
            "deny": [],
            "description": "",
            "destination_ranges": [],
            "direction": "INGRESS",
            "disabled": false,
            "enable_logging": null,
            "id": "projects/singular-arbor-401018/global/firewalls/allow-iap-ssh-whatsapp-faq-bot",
            "log_config": [],
            "name": "allow-iap-ssh-whatsapp-faq-bot",
            "network": "https://www.googleapis.com/compute/v1/projects/singular-arbor-401018/global/networks/default",
            "params": [],
            "priority": 1000,
            "project": "singular-arbor-401018",
            "self_link": "https://www.googleapis.com/compute/v1/projects/singular-arbor-401018/global/firewalls/allow-iap-ssh-whatsapp-faq-bot",
            "source_ranges": [
              "35.235.240.0/20"
            ],
            "source_service_accounts": null,
            "source_tags": null,
            "target_service_accounts": null,
            "target_tags": [
              "whatsapp-faq-bot"
            ],
            "timeouts": null
          },
          "sensitive_attributes": [],
          "identity_schema_version": 1,
          "identity": {
            "name": "allow-iap-ssh-whatsapp-faq-bot",
            "project": "singular-arbor-401018"
          },
          "private": "eyJlMmJmYjczMC1lY2FhLTExZTYtOGY4OC0zNDM2M2JjN2M0YzAiOnsiY3JlYXRlIjoxMjAwMDAwMDAwMDAwLCJkZWxldGUiOjEyMDAwMDAwMDAwMDAsInVwZGF0ZSI6MTIwMDAwMDAwMDAwMH0sInNjaGVtYV92ZXJzaW9uIjoiMSJ9"
        }
      ]
    },
    {
      "mode": "managed",
      "type": "google_compute_instance",
      "name": "faq_bot",
      "provider": "provider[\"registry.terraform.io/hashicorp/google\"]",
      "instances": [
        {
          "schema_version": 6,
          "attributes": {
            "advanced_machine_features": [],
            "allow_stopping_for_update": null,
            "attached_disk": [
              {
                "device_name": "bot-data",
                "disk_encryption_key_raw": "",
                "disk_encryption_key_rsa": "",
                "disk_encryption_key_sha256": "",
                "disk_encryption_service_account": "",
                "force_attach": false,
                "kms_key_self_link": "",
                "mode": "READ_WRITE",
                "source": "https://www.googleapis.com/compute/v1/projects/singular-arbor-401018/zones/us-central1-a/disks/whatsapp-faq-bot-data"
              }
            ],
            "boot_disk": [
              {
                "auto_delete": true,
                "device_name": "persistent-disk-0",
                "disk_encryption_key_raw": "",
                "disk_encryption_key_rsa": "",
                "disk_encryption_key_sha256": "",
                "disk_encryption_service_account": "",
                "force_attach": false,
                "guest_os_features": [
                  "UEFI_COMPATIBLE",
                  "VIRTIO_SCSI_MULTIQUEUE",
                  "GVNIC",
                  "SEV_CAPABLE",
                  "SEV_LIVE_MIGRATABLE_V2"
                ],
                "initialize_params": [
                  {
                    "architecture": "X86_64",
                    "enable_confidential_compute": false,
                    "image": "https://www.googleapis.com/compute/v1/projects/debian-cloud/global/images/debian-12-bookworm-v20260721",
                    "labels": {},
                    "provisioned_iops": 0,
                    "provisioned_throughput": 0,
                    "replica_zones": null,
                    "resource_manager_tags": null,
                    "resource_policies": [],
                    "size": 20,
                    "snapshot": "",
                    "source_image_encryption_key": [],
                    "source_snapshot_encryption_key": [],
                    "storage_pool": "",
                    "type": "pd-standard"
                  }
                ],
                "interface": "",
                "kms_key_self_link": "",
                "mode": "READ_WRITE",
                "source": "https://www.googleapis.com/compute/v1/projects/singular-arbor-401018/zones/us-central1-a/disks/whatsapp-faq-bot"
              }
            ],
            "can_ip_forward": false,
            "confidential_instance_config": null,
            "cpu_platform": "Intel Broadwell",
            "creation_timestamp": "2026-07-27T12:51:23.211-07:00",
            "current_status": "RUNNING",
            "deletion_policy": "DELETE",
            "deletion_protection": false,
            "description": "",
            "desired_status": null,
            "effective_labels": {
              "goog-terraform-provisioned": "true"
            },
            "enable_display": false,
            "guest_accelerator": [],
            "hostname": "",
            "id": "projects/singular-arbor-401018/zones/us-central1-a/instances/whatsapp-faq-bot",
            "instance_encryption_key": [],
            "instance_id": "2272881010855774292",
            "key_revocation_action_type": "",
            "label_fingerprint": "vezUS-42LLM=",
            "labels": null,
            "machine_type": "e2-micro",
            "metadata": null,
            "metadata_fingerprint": "QH5L2E2GAWs=",
            "metadata_startup_script": "#!/bin/bash\nset -e\napt-get update\napt-get install -y python3 python3-pip python3-venv git\n\n# Format + mount the persistent data disk on first boot only.\nDATA_DISK=/dev/disk/by-id/google-bot-data\nMOUNT_POINT=/mnt/bot-data\nmkdir -p \"$MOUNT_POINT\"\nif ! blkid \"$DATA_DISK\" \u003e/dev/null 2\u003e\u00261; then\n  mkfs.ext4 -m 0 -F -E lazy_itable_init=0,lazy_journal_init=0,discard \"$DATA_DISK\"\nfi\nmount -o discard,defaults \"$DATA_DISK\" \"$MOUNT_POINT\" || true\ngrep -q \"$MOUNT_POINT\" /etc/fstab || echo \"$DATA_DISK $MOUNT_POINT ext4 discard,defaults,nofail 0 2\" \u003e\u003e /etc/fstab\n",
            "min_cpu_platform": "",
            "name": "whatsapp-faq-bot",
            "network_interface": [
              {
                "access_config": [],
                "alias_ip_range": [],
                "igmp_query": "",
                "internal_ipv6_prefix_length": 0,
                "ipv6_access_config": [],
                "ipv6_access_type": "",
                "ipv6_address": "",
                "name": "nic0",
                "network": "https://www.googleapis.com/compute/v1/projects/singular-arbor-401018/global/networks/default",
                "network_attachment": "",
                "network_ip": "10.128.0.2",
                "nic_type": "",
                "parent_nic_name": "",
                "queue_count": 0,
                "stack_type": "IPV4_ONLY",
                "subnetwork": "https://www.googleapis.com/compute/v1/projects/singular-arbor-401018/regions/us-central1/subnetworks/default",
                "subnetwork_project": "singular-arbor-401018",
                "vlan": 0
              }
            ],
            "network_performance_config": [],
            "params": [],
            "project": "singular-arbor-401018",
            "reservation_affinity": [],
            "resource_policies": null,
            "scheduling": [
              {
                "automatic_restart": true,
                "availability_domain": 0,
                "instance_termination_action": "",
                "local_ssd_recovery_timeout": [],
                "max_run_duration": [],
                "min_node_cpus": 0,
                "node_affinities": [],
                "on_host_maintenance": "MIGRATE",
                "on_instance_stop_action": [],
                "preemptible": false,
                "provisioning_model": "STANDARD",
                "termination_time": ""
              }
            ],
            "scratch_disk": [],
            "self_link": "https://www.googleapis.com/compute/v1/projects/singular-arbor-401018/zones/us-central1-a/instances/whatsapp-faq-bot",
            "service_account": [
              {
                "email": "faq-bot-sa@singular-arbor-401018.iam.gserviceaccount.com",
                "scopes": [
                  "https://www.googleapis.com/auth/cloud-platform"
                ]
              }
            ],
            "shielded_instance_config": [
              {
                "enable_integrity_monitoring": true,
                "enable_secure_boot": false,
                "enable_vtpm": true
              }
            ],
            "tags": [
              "whatsapp-faq-bot"
            ],
            "tags_fingerprint": "c2E3hY2P3CU=",
            "terraform_labels": {
              "goog-terraform-provisioned": "true"
            },
            "timeouts": null,
            "workload_identity_config": [],
            "zone": "us-central1-a"
          },
          "sensitive_attributes": [
            [
              {
                "type": "get_attr",
                "value": "attached_disk"
              },
              {
                "type": "index",
                "value": {
                  "value": 0,
                  "type": "number"
                }
              },
              {
                "type": "get_attr",
                "value": "disk_encryption_key_raw"
              }
            ],
            [
              {
                "type": "get_attr",
                "value": "attached_disk"
              },
              {
                "type": "index",
                "value": {
                  "value": 0,
                  "type": "number"
                }
              },
              {
                "type": "get_attr",
                "value": "disk_encryption_key_rsa"
              }
            ],
            [
              {
                "type": "get_attr",
                "value": "boot_disk"
              },
              {
                "type": "index",
                "value": {
                  "value": 0,
                  "type": "number"
                }
              },
              {
                "type": "get_attr",
                "value": "disk_encryption_key_raw"
              }
            ],
            [
              {
                "type": "get_attr",
                "value": "boot_disk"
              },
              {
                "type": "index",
                "value": {
                  "value": 0,
                  "type": "number"
                }
              },
              {
                "type": "get_attr",
                "value": "disk_encryption_key_rsa"
              }
            ]
          ],
          "identity_schema_version": 0,
          "private": "eyJlMmJmYjczMC1lY2FhLTExZTYtOGY4OC0zNDM2M2JjN2M0YzAiOnsiY3JlYXRlIjoxMjAwMDAwMDAwMDAwLCJkZWxldGUiOjEyMDAwMDAwMDAwMDAsInVwZGF0ZSI6MTIwMDAwMDAwMDAwMH0sInNjaGVtYV92ZXJzaW9uIjoiNiJ9",
          "dependencies": [
            "google_compute_disk.bot_data",
            "google_service_account.faq_bot"
          ]
        }
      ]
    },
    {
      "mode": "managed",
      "type": "google_project_iam_member",
      "name": "faq_bot_job_user",
      "provider": "provider[\"registry.terraform.io/hashicorp/google\"]",
      "instances": [
        {
          "schema_version": 0,
          "attributes": {
            "condition": [],
            "etag": "BwZXnQwkN6A=",
            "id": "singular-arbor-401018/roles/bigquery.jobUser/serviceAccount:faq-bot-sa@singular-arbor-401018.iam.gserviceaccount.com",
            "member": "serviceAccount:faq-bot-sa@singular-arbor-401018.iam.gserviceaccount.com",
            "project": "singular-arbor-401018",
            "role": "roles/bigquery.jobUser"
          },
          "sensitive_attributes": [],
          "identity_schema_version": 1,
          "identity": {
            "condition_title": null,
            "member": "serviceAccount:faq-bot-sa@singular-arbor-401018.iam.gserviceaccount.com",
            "project": "singular-arbor-401018",
            "role": "roles/bigquery.jobUser"
          },
          "private": "bnVsbA==",
          "dependencies": [
            "google_service_account.faq_bot"
          ]
        }
      ]
    },
    {
      "mode": "managed",
      "type": "google_service_account",
      "name": "faq_bot",
      "provider": "provider[\"registry.terraform.io/hashicorp/google\"]",
      "instances": [
        {
          "schema_version": 0,
          "attributes": {
            "account_id": "faq-bot-sa",
            "create_ignore_already_exists": null,
            "deletion_policy": "DELETE",
            "description": "",
            "disabled": false,
            "display_name": "WhatsApp FAQ bot service account",
            "email": "faq-bot-sa@singular-arbor-401018.iam.gserviceaccount.com",
            "id": "projects/singular-arbor-401018/serviceAccounts/faq-bot-sa@singular-arbor-401018.iam.gserviceaccount.com",
            "member": "serviceAccount:faq-bot-sa@singular-arbor-401018.iam.gserviceaccount.com",
            "name": "projects/singular-arbor-401018/serviceAccounts/faq-bot-sa@singular-arbor-401018.iam.gserviceaccount.com",
            "project": "singular-arbor-401018",
            "timeouts": null,
            "unique_id": "107800611681502263816"
          },
          "sensitive_attributes": [],
          "identity_schema_version": 1,
          "identity": {
            "email": "faq-bot-sa@singular-arbor-401018.iam.gserviceaccount.com",
            "project": "singular-arbor-401018"
          },
          "private": "eyJlMmJmYjczMC1lY2FhLTExZTYtOGY4OC0zNDM2M2JjN2M0YzAiOnsiY3JlYXRlIjozMDAwMDAwMDAwMDB9fQ=="
        }
      ]
    },
    {
      "mode": "managed",
      "type": "google_service_account_key",
      "name": "faq_bot_key",
      "provider": "provider[\"registry.terraform.io/hashicorp/google\"]",
      "instances": [
        {
          "schema_version": 0,
          "attributes": {
            "deletion_policy": "DELETE",
            "id": "projects/singular-arbor-401018/serviceAccounts/faq-bot-sa@singular-arbor-401018.iam.gserviceaccount.com/keys/49c00e6fdfc17bed0a2da73ff602ecf53bc026ce",
            "keepers": null,
            "key_algorithm": "KEY_ALG_RSA_2048",
            "name": "projects/singular-arbor-401018/serviceAccounts/faq-bot-sa@singular-arbor-401018.iam.gserviceaccount.com/keys/49c00e6fdfc17bed0a2da73ff602ecf53bc026ce",
            "private_key": "ewogICJ0eXBlIjogInNlcnZpY2VfYWNjb3VudCIsCiAgInByb2plY3RfaWQiOiAic2luZ3VsYXItYXJib3ItNDAxMDE4IiwKICAicHJpdmF0ZV9rZXlfaWQiOiAiNDljMDBlNmZkZmMxN2JlZDBhMmRhNzNmZjYwMmVjZjUzYmMwMjZjZSIsCiAgInByaXZhdGVfa2V5IjogIi0tLS0tQkVHSU4gUFJJVkFURSBLRVktLS0tLVxuTUlJRXZRSUJBREFOQmdrcWhraUc5dzBCQVFFRkFBU0NCS2N3Z2dTakFnRUFBb0lCQVFEU1hnMzhibjg3ZTU4cFxuYW9zVyt2bFNFcTRiVHl2dWcrQ3dvbkJ0R3MwK2NxUDE4UXdNUEV6ellIYlIwTFd4SGJuNjAvak1rNW5oZFFTTlxuTU83QXdTTzN0bUtXSlNnV0lob2VMSngwNnNpdmlGRlB2MUVZNXdmUWhDQ0ZXOEs5a1JhM25UM1ZES0JBWHpQUFxuZkx1Q1Q0L3dyR1R0bnJ2dGIzN0F5MDJtekJmY3ltd1E3c3QxR2NWbHZ5U1JZNlZhM0U4QlNJMUl5T29welpWVFxubUpXdmVIMzU0MS9Wd3FIcUhvY0JNV0ZoNk5DbjJ1NkNSa0NHZHI5WW40WDMwTEFkQWpoQVM1Z1UwYkZ2RUhUVVxuc1pOZHQwOTF0QkZ2S2dERWFKSktzbk5XZklmS01YSDBhdFpRVWRxSnVUVzFLMnJab21Eak5jMnBldXYwQk9zeVxubVNIaUhsbDdBZ01CQUFFQ2dnRUFJL1JCVGJDUS9GaWZsbE9JWERBZTVxRWNzcnd3VlA2aksyMUg2ODNWNEdOMVxubEhaVFNkQVFrdFFjMnJWaUtGaGRUZnBtbm9obmwzb0pnaHduNGpmZ1kraS9Kc3hJOHFkM2NVck1uc3IxNjlKUFxubTJLbWVLd2IwTTZVUkZhdmpQaThPanVjc3NvS3BaWGY1QWw4ZnNRY1pOVUNGdjYzUGRoOWdIUCszSkFyVCtmVlxuZUM1N2U5MitHQzlQa0IyNGdsczZRSGJORFNPN3BsVy84OFBxWlM2ZjZHNGdtdUNZMkVoZHBDbVNWdyt2QUtUc1xuckpVNXR2VEdDVDFLV0NFaUxyL2FOeU9id2crbWdmeURJZXhFcTBReUVvMnRNWG1JWElWcmYvWmtQSWc2THFFYlxuOGNqNXVDbGpmTnZxSTBhY1c2ZWppeHVpb2VBMm94WlFHeGZ2ZzBzak1RS0JnUUR4R2c2SXVjcUx0M1NreUc2L1xuSWxOdDNOdWJpWFFmSStYamdscktwcHdyREpvYzR1eEZmWEJjT0Z3QU5Yb1doRmJHNitoSGVJaTQ5OGZtbi93Q1xub2FIbjlYeEo0d2tPSytYRnlNSjFiMmhlZGo1V1hnMHh1b3dudlRhdWlNSzVweVFSYjhCbVNzY2tya1poRkE0M1xuRFp3Wk1aTzcwMUJQUXZvZEVCU0xTTjBxV1FLQmdRRGZYZEVHSW9TWHh1V056dXBUY1pCdU85K3FSK1U0SWJ2Q1xuc2d3VVg5akJxSnNVL0tNM3VOUW5iNExLNk45UFZGQkVLdUcvbzJRWU5Ia2FibHJnTFY3M1MyNVBqT3VwWDN2V1xuNnpnZ0hONEhpZXY5SXpKNnFBQWRpNHNUdnpQRVBuTG92Szk2SHRjSUZZOVV1bFE1RWdlZnZNNGVEV2tubnZFdVxuSTh2L0lmVi84d0tCZ0dveHNla2kvRVdoM215ZUk3bG9JeHNteGt1eHRVWHFCOTIza3NuanJMR0JjWGY3czFuQVxuTUhkT0U2ZTc1alI0d2NnSUxGMGVpQW9BaVRuWmlhU1hFTHNjYzB3UUJmTUovc0NvOW8zSExrODlBYVFFOVFiTVxuUmVOVEFmektIQXF0eGNNd1Y2dzJqNVJtZG5WWDRoTDVtYUczSm56NlRFczlFdkV1SGY1amI1YXhBb0dBRFNWSFxuVlBZWkdabWlEdXQ3alBlbENXZktyUW5ZS3FxSmsxYkpNVFhHMnZiaVVhVGdzam5WZXBDc2dPYWRwZHlQY01PWlxuVDU3OUdCT1dnUUMzcG5QbEgrYTNra1QzNVpyeC9kOFFDWXZKWVdZemxrMUkva0QrNkw0NnJDblhrUmdmeVNTNVxucXhVL2tJRThVejg0RDdmSTdSUytpTFEvV1E2WW9SK0lOUGE1clJNQ2dZRUExV1RxWWNSMGxIcWozQXl6bXJjR1xuUkgzeU1uM05PSXZ1Z285K09WcmtVVE5LbU1JWGtVbzA1bzdTdWc3MlZJQmR6ZE0vS1hJaElaVmFROUt3YUxtNVxuaVJIMlpDTFI1bDRRMWc4d0hYQmhGQzJDOTJuT0xEZVhZNTZOQ3gzQldsZCtjYjlZOVFFVTBhWEdEcDN0RUI4NFxuMUJjbFpEUGxSdVJsWWhFMFhNR2diaDQ9XG4tLS0tLUVORCBQUklWQVRFIEtFWS0tLS0tXG4iLAogICJjbGllbnRfZW1haWwiOiAiZmFxLWJvdC1zYUBzaW5ndWxhci1hcmJvci00MDEwMTguaWFtLmdzZXJ2aWNlYWNjb3VudC5jb20iLAogICJjbGllbnRfaWQiOiAiMTA3ODAwNjExNjgxNTAyMjYzODE2IiwKICAiYXV0aF91cmkiOiAiaHR0cHM6Ly9hY2NvdW50cy5nb29nbGUuY29tL28vb2F1dGgyL2F1dGgiLAogICJ0b2tlbl91cmkiOiAiaHR0cHM6Ly9vYXV0aDIuZ29vZ2xlYXBpcy5jb20vdG9rZW4iLAogICJhdXRoX3Byb3ZpZGVyX3g1MDlfY2VydF91cmwiOiAiaHR0cHM6Ly93d3cuZ29vZ2xlYXBpcy5jb20vb2F1dGgyL3YxL2NlcnRzIiwKICAiY2xpZW50X3g1MDlfY2VydF91cmwiOiAiaHR0cHM6Ly93d3cuZ29vZ2xlYXBpcy5jb20vcm9ib3QvdjEvbWV0YWRhdGEveDUwOS9mYXEtYm90LXNhJTQwc2luZ3VsYXItYXJib3ItNDAxMDE4LmlhbS5nc2VydmljZWFjY291bnQuY29tIiwKICAidW5pdmVyc2VfZG9tYWluIjogImdvb2dsZWFwaXMuY29tIgp9Cg==",
            "private_key_type": "TYPE_GOOGLE_CREDENTIALS_FILE",
            "public_key": "LS0tLS1CRUdJTiBDRVJUSUZJQ0FURS0tLS0tCk1JSUMvRENDQWVTZ0F3SUJBZ0lJZWE5Q3NIaHZNSkl3RFFZSktvWklodmNOQVFFRkJRQXdJREVlTUJ3R0ExVUUKQXd3Vk1UQTNPREF3TmpFeE5qZ3hOVEF5TWpZek9ERTJNQ0FYRFRJMk1EY3lOekU1TlRFeU1Wb1lEems1T1RreApNak14TWpNMU9UVTVXakFnTVI0d0hBWURWUVFEREJVeE1EYzRNREEyTVRFMk9ERTFNREl5TmpNNE1UWXdnZ0VpCk1BMEdDU3FHU0liM0RRRUJBUVVBQTRJQkR3QXdnZ0VLQW9JQkFRRFNYZzM4Ym44N2U1OHBhb3NXK3ZsU0VxNGIKVHl2dWcrQ3dvbkJ0R3MwK2NxUDE4UXdNUEV6ellIYlIwTFd4SGJuNjAvak1rNW5oZFFTTk1PN0F3U08zdG1LVwpKU2dXSWhvZUxKeDA2c2l2aUZGUHYxRVk1d2ZRaENDRlc4SzlrUmEzblQzVkRLQkFYelBQZkx1Q1Q0L3dyR1R0Cm5ydnRiMzdBeTAybXpCZmN5bXdRN3N0MUdjVmx2eVNSWTZWYTNFOEJTSTFJeU9vcHpaVlRtSld2ZUgzNTQxL1YKd3FIcUhvY0JNV0ZoNk5DbjJ1NkNSa0NHZHI5WW40WDMwTEFkQWpoQVM1Z1UwYkZ2RUhUVXNaTmR0MDkxdEJGdgpLZ0RFYUpKS3NuTldmSWZLTVhIMGF0WlFVZHFKdVRXMUsyclpvbURqTmMycGV1djBCT3N5bVNIaUhsbDdBZ01CCkFBR2pPREEyTUF3R0ExVWRFd0VCL3dRQ01BQXdEZ1lEVlIwUEFRSC9CQVFEQWdlQU1CWUdBMVVkSlFFQi93UU0KTUFvR0NDc0dBUVVGQndNQ01BMEdDU3FHU0liM0RRRUJCUVVBQTRJQkFRQTBMRjhHNE5tcW9CajdPRFV4TC93eQpTWUlOODk5V2R3OWNVZm4xVHFETThvd2tLZFdpUWh5eDIrUlkxNGVjdVlFcXp2U01oakJpNk93N3d3U0lpeHlECjFFZW1qZG1JUWl1RVFzT1ZwV2NIZEI0eHhhL1A2MDd5WWdHaVlKN1k4Uk5FOENGaVRuUit6NVoyeGwycmxxQUoKdGVJN1VQQzV0cytWQVcwS3ZHa2dBNEQ1Um5DcUhUQ2I4a3FGbnhueEFNNUE5SnY5T2VQbDlTYjMrcDdXNEZLKwpCWlBRaHg3aWVUeGNLbytWNlhBd3Nta1JYUk1GWTcydStSZU8zM2c2aUhETEdOZnh5WHQrYTJZRitydkRMUEdECjZDMndjaVNONldwaGNZejdxV1M5OG5iYWlaZ0xWelJ5aXBSNW9OVjdrN2doT1dDY1hvNmx4SURuN2t6NDg4elMKLS0tLS1FTkQgQ0VSVElGSUNBVEUtLS0tLQo=",
            "public_key_data": null,
            "public_key_type": "TYPE_X509_PEM_FILE",
            "service_account_id": "projects/singular-arbor-401018/serviceAccounts/faq-bot-sa@singular-arbor-401018.iam.gserviceaccount.com",
            "valid_after": "2026-07-27T19:51:21Z",
            "valid_before": "9999-12-31T23:59:59Z"
          },
          "sensitive_attributes": [
            [
              {
                "type": "get_attr",
                "value": "private_key"
              }
            ]
          ],
          "identity_schema_version": 0,
          "private": "bnVsbA==",
          "dependencies": [
            "google_service_account.faq_bot"
          ]
        }
      ]
    }
  ],
  "check_results": null
}
